<Solution>
  <Folder Name="/src/">
    <Project Path="src/GoblinBench.Candidates/GoblinBench.Candidates.csproj" />
    <Project Path="src/GoblinBench.Core/GoblinBench.Core.csproj" />
    <Project Path="src/GoblinBench.Runner/GoblinBench.Runner.csproj" />
    <Project Path="src/GoblinBench.Scorers/GoblinBench.Scorers.csproj" />
  </Folder>
  <Folder Name="/tests/">
    <Project Path="tests/GoblinBench.Core.Tests/GoblinBench.Core.Tests.csproj" />
  </Folder>
</Solution>
