# This file is automatically @generated by Cargo.
# It is not intended for manual editing.
version = 4

[[package]]
name = "core-state"
version = "0.1.0"

[[package]]
name = "protocol-codegen"
version = "0.1.0"
dependencies = [
 "protocol-door",
]

[[package]]
name = "protocol-door"
version = "0.1.0"

[[package]]
name = "render-projection"
version = "0.1.0"
dependencies = [
 "core-state",
 "protocol-door",
]

[[package]]
name = "rule-door"
version = "0.1.0"
dependencies = [
 "core-state",
 "protocol-door",
]

[[package]]
name = "sim-replay"
version = "0.1.0"
dependencies = [
 "core-state",
 "protocol-door",
 "rule-door",
]
